
Microsoft Visual Studio Solution File, Format Version 12.00
# Visual Studio 2013
VisualStudioVersion = 12.0.21005.1
MinimumVisualStudioVersion = 10.0.40219.1
Project("{FAE04EC0-301F-11D3-BF4B-00C04F79EFBC}") = "ZGEDrySaltery.Web", "ZGEDrySaltery.Web\ZGEDrySaltery.Web.csproj", "{1C7BE0FE-B522-49B0-BCEA-D93EA472A8E6}"
EndProject
Project("{2150E333-8FDC-42A3-9474-1A3956D46DE8}") = "01 ZGEDrySaltery.Common", "01 ZGEDrySaltery.Common", "{E11E43CC-B9A4-47C8-BCEA-31B159B753F2}"
EndProject
Project("{FAE04EC0-301F-11D3-BF4B-00C04F79EFBC}") = "ZGEDrySaltery.Code", "ZGEDrySaltery.Code\ZGEDrySaltery.Code.csproj", "{DB19CE03-C307-43FE-A209-08AA4AE10E21}"
EndProject
Project("{FAE04EC0-301F-11D3-BF4B-00C04F79EFBC}") = "ZGEDrySaltery.Model", "ZGEDrySaltery.Model\ZGEDrySaltery.Model.csproj", "{DE9B3ADF-7554-4201-8E72-F17E6C268996}"
EndProject
Project("{FAE04EC0-301F-11D3-BF4B-00C04F79EFBC}") = "ZGEDrySaltery.BLL", "ZGEDrySaltery.BLL\ZGEDrySaltery.BLL.csproj", "{C1AFE45F-205B-4463-B1C1-501E675B2ECC}"
EndProject
Project("{FAE04EC0-301F-11D3-BF4B-00C04F79EFBC}") = "ZGEDrySaltery.DAL", "ZGEDrySaltery.DAL\ZGEDrySaltery.DAL.csproj", "{07683306-1C72-4F4E-B121-77D802C8F168}"
EndProject
Project("{FAE04EC0-301F-11D3-BF4B-00C04F79EFBC}") = "ZGEDrySaltery.DbHelper", "ZGEDrySaltery.DbHelper\ZGEDrySaltery.DbHelper.csproj", "{CE7159CF-1C43-4A04-ABE6-3EAED924BC2B}"
EndProject
Project("{2150E333-8FDC-42A3-9474-1A3956D46DE8}") = "02 ZGEDrySaltery.Web", "02 ZGEDrySaltery.Web", "{CA33757A-0222-4CAD-A75A-BF432E617781}"
EndProject
Global
	GlobalSection(SolutionConfigurationPlatforms) = preSolution
		Debug|Any CPU = Debug|Any CPU
		Release|Any CPU = Release|Any CPU
	EndGlobalSection
	GlobalSection(ProjectConfigurationPlatforms) = postSolution
		{1C7BE0FE-B522-49B0-BCEA-D93EA472A8E6}.Debug|Any CPU.ActiveCfg = Debug|Any CPU
		{1C7BE0FE-B522-49B0-BCEA-D93EA472A8E6}.Debug|Any CPU.Build.0 = Debug|Any CPU
		{1C7BE0FE-B522-49B0-BCEA-D93EA472A8E6}.Release|Any CPU.ActiveCfg = Release|Any CPU
		{1C7BE0FE-B522-49B0-BCEA-D93EA472A8E6}.Release|Any CPU.Build.0 = Release|Any CPU
		{DB19CE03-C307-43FE-A209-08AA4AE10E21}.Debug|Any CPU.ActiveCfg = Debug|Any CPU
		{DB19CE03-C307-43FE-A209-08AA4AE10E21}.Debug|Any CPU.Build.0 = Debug|Any CPU
		{DB19CE03-C307-43FE-A209-08AA4AE10E21}.Release|Any CPU.ActiveCfg = Release|Any CPU
		{DB19CE03-C307-43FE-A209-08AA4AE10E21}.Release|Any CPU.Build.0 = Release|Any CPU
		{DE9B3ADF-7554-4201-8E72-F17E6C268996}.Debug|Any CPU.ActiveCfg = Debug|Any CPU
		{DE9B3ADF-7554-4201-8E72-F17E6C268996}.Debug|Any CPU.Build.0 = Debug|Any CPU
		{DE9B3ADF-7554-4201-8E72-F17E6C268996}.Release|Any CPU.ActiveCfg = Release|Any CPU
		{DE9B3ADF-7554-4201-8E72-F17E6C268996}.Release|Any CPU.Build.0 = Release|Any CPU
		{C1AFE45F-205B-4463-B1C1-501E675B2ECC}.Debug|Any CPU.ActiveCfg = Debug|Any CPU
		{C1AFE45F-205B-4463-B1C1-501E675B2ECC}.Debug|Any CPU.Build.0 = Debug|Any CPU
		{C1AFE45F-205B-4463-B1C1-501E675B2ECC}.Release|Any CPU.ActiveCfg = Release|Any CPU
		{C1AFE45F-205B-4463-B1C1-501E675B2ECC}.Release|Any CPU.Build.0 = Release|Any CPU
		{07683306-1C72-4F4E-B121-77D802C8F168}.Debug|Any CPU.ActiveCfg = Debug|Any CPU
		{07683306-1C72-4F4E-B121-77D802C8F168}.Debug|Any CPU.Build.0 = Debug|Any CPU
		{07683306-1C72-4F4E-B121-77D802C8F168}.Release|Any CPU.ActiveCfg = Release|Any CPU
		{07683306-1C72-4F4E-B121-77D802C8F168}.Release|Any CPU.Build.0 = Release|Any CPU
		{CE7159CF-1C43-4A04-ABE6-3EAED924BC2B}.Debug|Any CPU.ActiveCfg = Debug|Any CPU
		{CE7159CF-1C43-4A04-ABE6-3EAED924BC2B}.Debug|Any CPU.Build.0 = Debug|Any CPU
		{CE7159CF-1C43-4A04-ABE6-3EAED924BC2B}.Release|Any CPU.ActiveCfg = Release|Any CPU
		{CE7159CF-1C43-4A04-ABE6-3EAED924BC2B}.Release|Any CPU.Build.0 = Release|Any CPU
	EndGlobalSection
	GlobalSection(SolutionProperties) = preSolution
		HideSolutionNode = FALSE
	EndGlobalSection
	GlobalSection(NestedProjects) = preSolution
		{DB19CE03-C307-43FE-A209-08AA4AE10E21} = {E11E43CC-B9A4-47C8-BCEA-31B159B753F2}
		{DE9B3ADF-7554-4201-8E72-F17E6C268996} = {E11E43CC-B9A4-47C8-BCEA-31B159B753F2}
		{C1AFE45F-205B-4463-B1C1-501E675B2ECC} = {E11E43CC-B9A4-47C8-BCEA-31B159B753F2}
		{07683306-1C72-4F4E-B121-77D802C8F168} = {E11E43CC-B9A4-47C8-BCEA-31B159B753F2}
		{CE7159CF-1C43-4A04-ABE6-3EAED924BC2B} = {E11E43CC-B9A4-47C8-BCEA-31B159B753F2}
		{1C7BE0FE-B522-49B0-BCEA-D93EA472A8E6} = {CA33757A-0222-4CAD-A75A-BF432E617781}
	EndGlobalSection
EndGlobal
